PODS:
  - Cosmos (23.0.0)
  - Realm (10.12.0):
    - Realm/Headers (= 10.12.0)
  - Realm/Headers (10.12.0)
  - RealmSwift (10.12.0):
    - Realm (= 10.12.0)

DEPENDENCIES:
  - Cosmos (~> 23.0)
  - RealmSwift (~> 10)

SPEC REPOS:
  trunk:
    - Cosmos
    - Realm
    - RealmSwift

SPEC CHECKSUMS:
  Cosmos: b5c6a9a637e28a061b54c8f8b1d8529d7d4db73f
  Realm: 32488213acb44660539c619d620cec1bac046166
  RealmSwift: 0abdca6231d5ff8a4f84cef9c1121ef95a483faf

PODFILE CHECKSUM: dce69f26abbedc4d38e741048fbbef61c8ead5e9

COCOAPODS: 1.10.2
