// !$*UTF8*$!
{
	archiveVersion = 1;
	classes = {
	};
	objectVersion = 52;
	objects = {

/* Begin PBXBuildFile section */
		75031C5826D171CF00085CC6 /* RatingControl.swift in Sources */ = {isa = PBXBuildFile; fileRef = 75031C5726D171CF00085CC6 /* RatingControl.swift */; };
		7519CE2026D6A02000E6E80F /* Cosmos in Frameworks */ = {isa = PBXBuildFile; productRef = 7519CE1F26D6A02000E6E80F /* Cosmos */; };
		7519CE2326D6A0BC00E6E80F /* Realm in Frameworks */ = {isa = PBXBuildFile; productRef = 7519CE2226D6A0BC00E6E80F /* Realm */; };
		7519CE2526D6A0BC00E6E80F /* RealmSwift in Frameworks */ = {isa = PBXBuildFile; productRef = 7519CE2426D6A0BC00E6E80F /* RealmSwift */; };
		753CDB5026CED5F10001AA54 /* CustomTableViewCell.swift in Sources */ = {isa = PBXBuildFile; fileRef = 753CDB4F26CED5F10001AA54 /* CustomTableViewCell.swift */; };
		753CDB5226CEDDA70001AA54 /* PlaceModel.swift in Sources */ = {isa = PBXBuildFile; fileRef = 753CDB5126CEDDA70001AA54 /* PlaceModel.swift */; };
		753CDB5426CFCA7E0001AA54 /* NewPlaceViewController.swift in Sources */ = {isa = PBXBuildFile; fileRef = 753CDB5326CFCA7E0001AA54 /* NewPlaceViewController.swift */; };
		75648D3626CBA6AB0038F632 /* AppDelegate.swift in Sources */ = {isa = PBXBuildFile; fileRef = 75648D3526CBA6AB0038F632 /* AppDelegate.swift */; };
		75648D3826CBA6AB0038F632 /* SceneDelegate.swift in Sources */ = {isa = PBXBuildFile; fileRef = 75648D3726CBA6AB0038F632 /* SceneDelegate.swift */; };
		75648D3D26CBA6AB0038F632 /* Main.storyboard in Resources */ = {isa = PBXBuildFile; fileRef = 75648D3B26CBA6AB0038F632 /* Main.storyboard */; };
		75648D3F26CBA6AC0038F632 /* Assets.xcassets in Resources */ = {isa = PBXBuildFile; fileRef = 75648D3E26CBA6AC0038F632 /* Assets.xcassets */; };
		75648D4226CBA6AC0038F632 /* LaunchScreen.storyboard in Resources */ = {isa = PBXBuildFile; fileRef = 75648D4026CBA6AC0038F632 /* LaunchScreen.storyboard */; };
		75648D4A26CBAD1A0038F632 /* MainViewController.swift in Sources */ = {isa = PBXBuildFile; fileRef = 75648D4926CBAD1A0038F632 /* MainViewController.swift */; };
		758B72B126D01ED500DC3DEC /* StorageManager.swift in Sources */ = {isa = PBXBuildFile; fileRef = 758B72B026D01ED500DC3DEC /* StorageManager.swift */; };
/* End PBXBuildFile section */

/* Begin PBXFileReference section */
		75031C5726D171CF00085CC6 /* RatingControl.swift */ = {isa = PBXFileReference; lastKnownFileType = sourcecode.swift; path = RatingControl.swift; sourceTree = "<group>"; };
		753CDB4F26CED5F10001AA54 /* CustomTableViewCell.swift */ = {isa = PBXFileReference; lastKnownFileType = sourcecode.swift; path = CustomTableViewCell.swift; sourceTree = "<group>"; };
		753CDB5126CEDDA70001AA54 /* PlaceModel.swift */ = {isa = PBXFileReference; lastKnownFileType = sourcecode.swift; path = PlaceModel.swift; sourceTree = "<group>"; };
		753CDB5326CFCA7E0001AA54 /* NewPlaceViewController.swift */ = {isa = PBXFileReference; lastKnownFileType = sourcecode.swift; path = NewPlaceViewController.swift; sourceTree = "<group>"; };
		75648D3226CBA6AB0038F632 /* BestPlaces.app */ = {isa = PBXFileReference; explicitFileType = wrapper.application; includeInIndex = 0; path = BestPlaces.app; sourceTree = BUILT_PRODUCTS_DIR; };
		75648D3526CBA6AB0038F632 /* AppDelegate.swift */ = {isa = PBXFileReference; lastKnownFileType = sourcecode.swift; path = AppDelegate.swift; sourceTree = "<group>"; };
		75648D3726CBA6AB0038F632 /* SceneDelegate.swift */ = {isa = PBXFileReference; lastKnownFileType = sourcecode.swift; path = SceneDelegate.swift; sourceTree = "<group>"; };
		75648D3C26CBA6AB0038F632 /* Base */ = {isa = PBXFileReference; lastKnownFileType = file.storyboard; name = Base; path = Base.lproj/Main.storyboard; sourceTree = "<group>"; };
		75648D3E26CBA6AC0038F632 /* Assets.xcassets */ = {isa = PBXFileReference; lastKnownFileType = folder.assetcatalog; path = Assets.xcassets; sourceTree = "<group>"; };
		75648D4126CBA6AC0038F632 /* Base */ = {isa = PBXFileReference; lastKnownFileType = file.storyboard; name = Base; path = Base.lproj/LaunchScreen.storyboard; sourceTree = "<group>"; };
		75648D4326CBA6AC0038F632 /* Info.plist */ = {isa = PBXFileReference; lastKnownFileType = text.plist.xml; path = Info.plist; sourceTree = "<group>"; };
		75648D4926CBAD1A0038F632 /* MainViewController.swift */ = {isa = PBXFileReference; lastKnownFileType = sourcecode.swift; path = MainViewController.swift; sourceTree = "<group>"; };
		758B72B026D01ED500DC3DEC /* StorageManager.swift */ = {isa = PBXFileReference; lastKnownFileType = sourcecode.swift; path = StorageManager.swift; sourceTree = "<group>"; };
/* End PBXFileReference section */

/* Begin PBXFrameworksBuildPhase section */
		75648D2F26CBA6AB0038F632 /* Frameworks */ = {
			isa = PBXFrameworksBuildPhase;
			buildActionMask = 2147483647;
			files = (
				7519CE2526D6A0BC00E6E80F /* RealmSwift in Frameworks */,
				7519CE2326D6A0BC00E6E80F /* Realm in Frameworks */,
				7519CE2026D6A02000E6E80F /* Cosmos in Frameworks */,
			);
			runOnlyForDeploymentPostprocessing = 0;
		};
/* End PBXFrameworksBuildPhase section */

/* Begin PBXGroup section */
		75648D2926CBA6AB0038F632 = {
			isa = PBXGroup;
			children = (
				75648D3426CBA6AB0038F632 /* BestPlaces */,
				75648D3326CBA6AB0038F632 /* Products */,
			);
			sourceTree = "<group>";
		};
		75648D3326CBA6AB0038F632 /* Products */ = {
			isa = PBXGroup;
			children = (
				75648D3226CBA6AB0038F632 /* BestPlaces.app */,
			);
			name = Products;
			sourceTree = "<group>";
		};
		75648D3426CBA6AB0038F632 /* BestPlaces */ = {
			isa = PBXGroup;
			children = (
				75648D3526CBA6AB0038F632 /* AppDelegate.swift */,
				75648D3726CBA6AB0038F632 /* SceneDelegate.swift */,
				75648D4926CBAD1A0038F632 /* MainViewController.swift */,
				753CDB5326CFCA7E0001AA54 /* NewPlaceViewController.swift */,
				753CDB4F26CED5F10001AA54 /* CustomTableViewCell.swift */,
				753CDB5126CEDDA70001AA54 /* PlaceModel.swift */,
				758B72B026D01ED500DC3DEC /* StorageManager.swift */,
				75031C5726D171CF00085CC6 /* RatingControl.swift */,
				75648D3B26CBA6AB0038F632 /* Main.storyboard */,
				75648D3E26CBA6AC0038F632 /* Assets.xcassets */,
				75648D4026CBA6AC0038F632 /* LaunchScreen.storyboard */,
				75648D4326CBA6AC0038F632 /* Info.plist */,
			);
			path = BestPlaces;
			sourceTree = "<group>";
		};
/* End PBXGroup section */

/* Begin PBXNativeTarget section */
		75648D3126CBA6AB0038F632 /* BestPlaces */ = {
			isa = PBXNativeTarget;
			buildConfigurationList = 75648D4626CBA6AC0038F632 /* Build configuration list for PBXNativeTarget "BestPlaces" */;
			buildPhases = (
				75648D2E26CBA6AB0038F632 /* Sources */,
				75648D2F26CBA6AB0038F632 /* Frameworks */,
				75648D3026CBA6AB0038F632 /* Resources */,
			);
			buildRules = (
			);
			dependencies = (
			);
			name = BestPlaces;
			packageProductDependencies = (
				7519CE1F26D6A02000E6E80F /* Cosmos */,
				7519CE2226D6A0BC00E6E80F /* Realm */,
				7519CE2426D6A0BC00E6E80F /* RealmSwift */,
			);
			productName = BestPlaces;
			productReference = 75648D3226CBA6AB0038F632 /* BestPlaces.app */;
			productType = "com.apple.product-type.application";
		};
/* End PBXNativeTarget section */

/* Begin PBXProject section */
		75648D2A26CBA6AB0038F632 /* Project object */ = {
			isa = PBXProject;
			attributes = {
				LastSwiftUpdateCheck = 1250;
				LastUpgradeCheck = 1250;
				TargetAttributes = {
					75648D3126CBA6AB0038F632 = {
						CreatedOnToolsVersion = 12.5.1;
					};
				};
			};
			buildConfigurationList = 75648D2D26CBA6AB0038F632 /* Build configuration list for PBXProject "BestPlaces" */;
			compatibilityVersion = "Xcode 9.3";
			developmentRegion = en;
			hasScannedForEncodings = 0;
			knownRegions = (
				en,
				Base,
			);
			mainGroup = 75648D2926CBA6AB0038F632;
			packageReferences = (
				7519CE1E26D6A02000E6E80F /* XCRemoteSwiftPackageReference "Cosmos" */,
				7519CE2126D6A0BC00E6E80F /* XCRemoteSwiftPackageReference "realm-cocoa" */,
			);
			productRefGroup = 75648D3326CBA6AB0038F632 /* Products */;
			projectDirPath = "";
			projectRoot = "";
			targets = (
				75648D3126CBA6AB0038F632 /* BestPlaces */,
			);
		};
/* End PBXProject section */

/* Begin PBXResourcesBuildPhase section */
		75648D3026CBA6AB0038F632 /* Resources */ = {
			isa = PBXResourcesBuildPhase;
			buildActionMask = 2147483647;
			files = (
				75648D4226CBA6AC0038F632 /* LaunchScreen.storyboard in Resources */,
				75648D3F26CBA6AC0038F632 /* Assets.xcassets in Resources */,
				75648D3D26CBA6AB0038F632 /* Main.storyboard in Resources */,
			);
			runOnlyForDeploymentPostprocessing = 0;
		};
/* End PBXResourcesBuildPhase section */

/* Begin PBXSourcesBuildPhase section */
		75648D2E26CBA6AB0038F632 /* Sources */ = {
			isa = PBXSourcesBuildPhase;
			buildActionMask = 2147483647;
			files = (
				75648D4A26CBAD1A0038F632 /* MainViewController.swift in Sources */,
				753CDB5426CFCA7E0001AA54 /* NewPlaceViewController.swift in Sources */,
				75648D3626CBA6AB0038F632 /* AppDelegate.swift in Sources */,
				758B72B126D01ED500DC3DEC /* StorageManager.swift in Sources */,
				75031C5826D171CF00085CC6 /* RatingControl.swift in Sources */,
				753CDB5226CEDDA70001AA54 /* PlaceModel.swift in Sources */,
				753CDB5026CED5F10001AA54 /* CustomTableViewCell.swift in Sources */,
				75648D3826CBA6AB0038F632 /* SceneDelegate.swift in Sources */,
			);
			runOnlyForDeploymentPostprocessing = 0;
		};
/* End PBXSourcesBuildPhase section */

/* Begin PBXVariantGroup section */
		75648D3B26CBA6AB0038F632 /* Main.storyboard */ = {
			isa = PBXVariantGroup;
			children = (
				75648D3C26CBA6AB0038F632 /* Base */,
			);
			name = Main.storyboard;
			sourceTree = "<group>";
		};
		75648D4026CBA6AC0038F632 /* LaunchScreen.storyboard */ = {
			isa = PBXVariantGroup;
			children = (
				75648D4126CBA6AC0038F632 /* Base */,
			);
			name = LaunchScreen.storyboard;
			sourceTree = "<group>";
		};
/* End PBXVariantGroup section */

/* Begin XCBuildConfiguration section */
		75648D4426CBA6AC0038F632 /* Debug */ = {
			isa = XCBuildConfiguration;
			buildSettings = {
				ALWAYS_SEARCH_USER_PATHS = NO;
				CLANG_ANALYZER_NONNULL = YES;
				CLANG_ANALYZER_NUMBER_OBJECT_CONVERSION = YES_AGGRESSIVE;
				CLANG_CXX_LANGUAGE_STANDARD = "gnu++14";
				CLANG_CXX_LIBRARY = "libc++";
				CLANG_ENABLE_MODULES = YES;
				CLANG_ENABLE_OBJC_ARC = YES;
				CLANG_ENABLE_OBJC_WEAK = YES;
				CLANG_WARN_BLOCK_CAPTURE_AUTORELEASING = YES;
				CLANG_WARN_BOOL_CONVERSION = YES;
				CLANG_WARN_COMMA = YES;
				CLANG_WARN_CONSTANT_CONVERSION = YES;
				CLANG_WARN_DEPRECATED_OBJC_IMPLEMENTATIONS = YES;
				CLANG_WARN_DIRECT_OBJC_ISA_USAGE = YES_ERROR;
				CLANG_WARN_DOCUMENTATION_COMMENTS = YES;
				CLANG_WARN_EMPTY_BODY = YES;
				CLANG_WARN_ENUM_CONVERSION = YES;
				CLANG_WARN_INFINITE_RECURSION = YES;
				CLANG_WARN_INT_CONVERSION = YES;
				CLANG_WARN_NON_LITERAL_NULL_CONVERSION = YES;
				CLANG_WARN_OBJC_IMPLICIT_RETAIN_SELF = YES;
				CLANG_WARN_OBJC_LITERAL_CONVERSION = YES;
				CLANG_WARN_OBJC_ROOT_CLASS = YES_ERROR;
				CLANG_WARN_QUOTED_INCLUDE_IN_FRAMEWORK_HEADER = YES;
				CLANG_WARN_RANGE_LOOP_ANALYSIS = YES;
				CLANG_WARN_STRICT_PROTOTYPES = YES;
				CLANG_WARN_SUSPICIOUS_MOVE = YES;
				CLANG_WARN_UNGUARDED_AVAILABILITY = YES_AGGRESSIVE;
				CLANG_WARN_UNREACHABLE_CODE = YES;
				CLANG_WARN__DUPLICATE_METHOD_MATCH = YES;
				COPY_PHASE_STRIP = NO;
				DEBUG_INFORMATION_FORMAT = dwarf;
				ENABLE_STRICT_OBJC_MSGSEND = YES;
				ENABLE_TESTABILITY = YES;
				GCC_C_LANGUAGE_STANDARD = gnu11;
				GCC_DYNAMIC_NO_PIC = NO;
				GCC_NO_COMMON_BLOCKS = YES;
				GCC_OPTIMIZATION_LEVEL = 0;
				GCC_PREPROCESSOR_DEFINITIONS = (
					"DEBUG=1",
					"$(inherited)",
				);
				GCC_WARN_64_TO_32_BIT_CONVERSION = YES;
				GCC_WARN_ABOUT_RETURN_TYPE = YES_ERROR;
				GCC_WARN_UNDECLARED_SELECTOR = YES;
				GCC_WARN_UNINITIALIZED_AUTOS = YES_AGGRESSIVE;
				GCC_WARN_UNUSED_FUNCTION = YES;
				GCC_WARN_UNUSED_VARIABLE = YES;
				IPHONEOS_DEPLOYMENT_TARGET = 14.5;
				MTL_ENABLE_DEBUG_INFO = INCLUDE_SOURCE;
				MTL_FAST_MATH = YES;
				ONLY_ACTIVE_ARCH = YES;
				SDKROOT = iphoneos;
				SWIFT_ACTIVE_COMPILATION_CONDITIONS = DEBUG;
				SWIFT_OPTIMIZATION_LEVEL = "-Onone";
			};
			name = Debug;
		};
		75648D4526CBA6AC0038F632 /* Release */ = {
			isa = XCBuildConfiguration;
			buildSettings = {
				ALWAYS_SEARCH_USER_PATHS = NO;
				CLANG_ANALYZER_NONNULL = YES;
				CLANG_ANALYZER_NUMBER_OBJECT_CONVERSION = YES_AGGRESSIVE;
				CLANG_CXX_LANGUAGE_STANDARD = "gnu++14";
				CLANG_CXX_LIBRARY = "libc++";
				CLANG_ENABLE_MODULES = YES;
				CLANG_ENABLE_OBJC_ARC = YES;
				CLANG_ENABLE_OBJC_WEAK = YES;
				CLANG_WARN_BLOCK_CAPTURE_AUTORELEASING = YES;
				CLANG_WARN_BOOL_CONVERSION = YES;
				CLANG_WARN_COMMA = YES;
				CLANG_WARN_CONSTANT_CONVERSION = YES;
				CLANG_WARN_DEPRECATED_OBJC_IMPLEMENTATIONS = YES;
				CLANG_WARN_DIRECT_OBJC_ISA_USAGE = YES_ERROR;
				CLANG_WARN_DOCUMENTATION_COMMENTS = YES;
				CLANG_WARN_EMPTY_BODY = YES;
				CLANG_WARN_ENUM_CONVERSION = YES;
				CLANG_WARN_INFINITE_RECURSION = YES;
				CLANG_WARN_INT_CONVERSION = YES;
				CLANG_WARN_NON_LITERAL_NULL_CONVERSION = YES;
				CLANG_WARN_OBJC_IMPLICIT_RETAIN_SELF = YES;
				CLANG_WARN_OBJC_LITERAL_CONVERSION = YES;
				CLANG_WARN_OBJC_ROOT_CLASS = YES_ERROR;
				CLANG_WARN_QUOTED_INCLUDE_IN_FRAMEWORK_HEADER = YES;
				CLANG_WARN_RANGE_LOOP_ANALYSIS = YES;
				CLANG_WARN_STRICT_PROTOTYPES = YES;
				CLANG_WARN_SUSPICIOUS_MOVE = YES;
				CLANG_WARN_UNGUARDED_AVAILABILITY = YES_AGGRESSIVE;
				CLANG_WARN_UNREACHABLE_CODE = YES;
				CLANG_WARN__DUPLICATE_METHOD_MATCH = YES;
				COPY_PHASE_STRIP = NO;
				DEBUG_INFORMATION_FORMAT = "dwarf-with-dsym";
				ENABLE_NS_ASSERTIONS = NO;
				ENABLE_STRICT_OBJC_MSGSEND = YES;
				GCC_C_LANGUAGE_STANDARD = gnu11;
				GCC_NO_COMMON_BLOCKS = YES;
				GCC_WARN_64_TO_32_BIT_CONVERSION = YES;
				GCC_WARN_ABOUT_RETURN_TYPE = YES_ERROR;
				GCC_WARN_UNDECLARED_SELECTOR = YES;
				GCC_WARN_UNINITIALIZED_AUTOS = YES_AGGRESSIVE;
				GCC_WARN_UNUSED_FUNCTION = YES;
				GCC_WARN_UNUSED_VARIABLE = YES;
				IPHONEOS_DEPLOYMENT_TARGET = 14.5;
				MTL_ENABLE_DEBUG_INFO = NO;
				MTL_FAST_MATH = YES;
				SDKROOT = iphoneos;
				SWIFT_COMPILATION_MODE = wholemodule;
				SWIFT_OPTIMIZATION_LEVEL = "-O";
				VALIDATE_PRODUCT = YES;
			};
			name = Release;
		};
		75648D4726CBA6AC0038F632 /* Debug */ = {
			isa = XCBuildConfiguration;
			buildSettings = {
				ASSETCATALOG_COMPILER_APPICON_NAME = AppIcon;
				ASSETCATALOG_COMPILER_GLOBAL_ACCENT_COLOR_NAME = AccentColor;
				CODE_SIGN_STYLE = Automatic;
				DEVELOPMENT_TEAM = 546DHL7PNU;
				INFOPLIST_FILE = BestPlaces/Info.plist;
				IPHONEOS_DEPLOYMENT_TARGET = 13.0;
				LD_RUNPATH_SEARCH_PATHS = (
					"$(inherited)",
					"@executable_path/Frameworks",
				);
				PRODUCT_BUNDLE_IDENTIFIER = com.lebedevMaxim.BestPlaces;
				PRODUCT_NAME = "$(TARGET_NAME)";
				SWIFT_VERSION = 5.0;
				TARGETED_DEVICE_FAMILY = 1;
			};
			name = Debug;
		};
		75648D4826CBA6AC0038F632 /* Release */ = {
			isa = XCBuildConfiguration;
			buildSettings = {
				ASSETCATALOG_COMPILER_APPICON_NAME = AppIcon;
				ASSETCATALOG_COMPILER_GLOBAL_ACCENT_COLOR_NAME = AccentColor;
				CODE_SIGN_STYLE = Automatic;
				DEVELOPMENT_TEAM = 546DHL7PNU;
				INFOPLIST_FILE = BestPlaces/Info.plist;
				IPHONEOS_DEPLOYMENT_TARGET = 13.0;
				LD_RUNPATH_SEARCH_PATHS = (
					"$(inherited)",
					"@executable_path/Frameworks",
				);
				PRODUCT_BUNDLE_IDENTIFIER = com.lebedevMaxim.BestPlaces;
				PRODUCT_NAME = "$(TARGET_NAME)";
				SWIFT_VERSION = 5.0;
				TARGETED_DEVICE_FAMILY = 1;
			};
			name = Release;
		};
/* End XCBuildConfiguration section */

/* Begin XCConfigurationList section */
		75648D2D26CBA6AB0038F632 /* Build configuration list for PBXProject "BestPlaces" */ = {
			isa = XCConfigurationList;
			buildConfigurations = (
				75648D4426CBA6AC0038F632 /* Debug */,
				75648D4526CBA6AC0038F632 /* Release */,
			);
			defaultConfigurationIsVisible = 0;
			defaultConfigurationName = Release;
		};
		75648D4626CBA6AC0038F632 /* Build configuration list for PBXNativeTarget "BestPlaces" */ = {
			isa = XCConfigurationList;
			buildConfigurations = (
				75648D4726CBA6AC0038F632 /* Debug */,
				75648D4826CBA6AC0038F632 /* Release */,
			);
			defaultConfigurationIsVisible = 0;
			defaultConfigurationName = Release;
		};
/* End XCConfigurationList section */

/* Begin XCRemoteSwiftPackageReference section */
		7519CE1E26D6A02000E6E80F /* XCRemoteSwiftPackageReference "Cosmos" */ = {
			isa = XCRemoteSwiftPackageReference;
			repositoryURL = "https://github.com/evgenyneu/Cosmos";
			requirement = {
				kind = upToNextMajorVersion;
				minimumVersion = 23.0.0;
			};
		};
		7519CE2126D6A0BC00E6E80F /* XCRemoteSwiftPackageReference "realm-cocoa" */ = {
			isa = XCRemoteSwiftPackageReference;
			repositoryURL = "https://github.com/realm/realm-cocoa";
			requirement = {
				kind = upToNextMajorVersion;
				minimumVersion = 10.12.0;
			};
		};
/* End XCRemoteSwiftPackageReference section */

/* Begin XCSwiftPackageProductDependency section */
		7519CE1F26D6A02000E6E80F /* Cosmos */ = {
			isa = XCSwiftPackageProductDependency;
			package = 7519CE1E26D6A02000E6E80F /* XCRemoteSwiftPackageReference "Cosmos" */;
			productName = Cosmos;
		};
		7519CE2226D6A0BC00E6E80F /* Realm */ = {
			isa = XCSwiftPackageProductDependency;
			package = 7519CE2126D6A0BC00E6E80F /* XCRemoteSwiftPackageReference "realm-cocoa" */;
			productName = Realm;
		};
		7519CE2426D6A0BC00E6E80F /* RealmSwift */ = {
			isa = XCSwiftPackageProductDependency;
			package = 7519CE2126D6A0BC00E6E80F /* XCRemoteSwiftPackageReference "realm-cocoa" */;
			productName = RealmSwift;
		};
/* End XCSwiftPackageProductDependency section */
	};
	rootObject = 75648D2A26CBA6AB0038F632 /* Project object */;
}
